// !$*UTF8*$!
{
	archiveVersion = 1;
	classes = {
	};
	objectVersion = 46;
	objects = {

/* Begin PBXBuildFile section */
		72F77F5E0C36B5EE32BD6FA6 /* Pods_TestJenkins.framework in Frameworks */ = {isa = PBXBuildFile; fileRef = 2116EE93CD3EE3D3B0CD141C /* Pods_TestJenkins.framework */; };
		C289C4E11F724AAB00BB238B /* main.m in Sources */ = {isa = PBXBuildFile; fileRef = C289C4E01F724AAB00BB238B /* main.m */; };
		C289C4E41F724AAB00BB238B /* AppDelegate.m in Sources */ = {isa = PBXBuildFile; fileRef = C289C4E31F724AAB00BB238B /* AppDelegate.m */; };
		C289C4E71F724AAB00BB238B /* ViewController.m in Sources */ = {isa = PBXBuildFile; fileRef = C289C4E61F724AAB00BB238B /* ViewController.m */; };
		C289C4EA1F724AAB00BB238B /* Main.storyboard in Resources */ = {isa = PBXBuildFile; fileRef = C289C4E81F724AAB00BB238B /* Main.storyboard */; };
		C289C4EC1F724AAB00BB238B /* Assets.xcassets in Resources */ = {isa = PBXBuildFile; fileRef = C289C4EB1F724AAB00BB238B /* Assets.xcassets */; };
		C289C4EF1F724AAB00BB238B /* LaunchScreen.storyboard in Resources */ = {isa = PBXBuildFile; fileRef = C289C4ED1F724AAB00BB238B /* LaunchScreen.storyboard */; };
		C289C4FA1F724AAB00BB238B /* TestJenkinsTests.m in Sources */ = {isa = PBXBuildFile; fileRef = C289C4F91F724AAB00BB238B /* TestJenkinsTests.m */; };
		C289C5051F724AAB00BB238B /* TestJenkinsUITests.m in Sources */ = {isa = PBXBuildFile; fileRef = C289C5041F724AAB00BB238B /* TestJenkinsUITests.m */; };
/* End PBXBuildFile section */

/* Begin PBXContainerItemProxy section */
		C289C4F61F724AAB00BB238B /* PBXContainerItemProxy */ = {
			isa = PBXContainerItemProxy;
			containerPortal = C289C4D41F724AAB00BB238B /* Project object */;
			proxyType = 1;
			remoteGlobalIDString = C289C4DB1F724AAB00BB238B;
			remoteInfo = TestJenkins;
		};
		C289C5011F724AAB00BB238B /* PBXContainerItemProxy */ = {
			isa = PBXContainerItemProxy;
			containerPortal = C289C4D41F724AAB00BB238B /* Project object */;
			proxyType = 1;
			remoteGlobalIDString = C289C4DB1F724AAB00BB238B;
			remoteInfo = TestJenkins;
		};
/* End PBXContainerItemProxy section */

/* Begin PBXFileReference section */
		16AD87A06A3B4549BA11349D /* Pods-TestJenkins.debug.xcconfig */ = {isa = PBXFileReference; includeInIndex = 1; lastKnownFileType = text.xcconfig; name = "Pods-TestJenkins.debug.xcconfig"; path = "Pods/Target Support Files/Pods-TestJenkins/Pods-TestJenkins.debug.xcconfig"; sourceTree = "<group>"; };
		2116EE93CD3EE3D3B0CD141C /* Pods_TestJenkins.framework */ = {isa = PBXFileReference; explicitFileType = wrapper.framework; includeInIndex = 0; path = Pods_TestJenkins.framework; sourceTree = BUILT_PRODUCTS_DIR; };
		C289C4DC1F724AAB00BB238B /* TestJenkins.app */ = {isa = PBXFileReference; explicitFileType = wrapper.application; includeInIndex = 0; path = TestJenkins.app; sourceTree = BUILT_PRODUCTS_DIR; };
		C289C4E01F724AAB00BB238B /* main.m */ = {isa = PBXFileReference; lastKnownFileType = sourcecode.c.objc; path = main.m; sourceTree = "<group>"; };
		C289C4E21F724AAB00BB238B /* AppDelegate.h */ = {isa = PBXFileReference; lastKnownFileType = sourcecode.c.h; path = AppDelegate.h; sourceTree = "<group>"; };
		C289C4E31F724AAB00BB238B /* AppDelegate.m */ = {isa = PBXFileReference; lastKnownFileType = sourcecode.c.objc; path = AppDelegate.m; sourceTree = "<group>"; };
		C289C4E51F724AAB00BB238B /* ViewController.h */ = {isa = PBXFileReference; lastKnownFileType = sourcecode.c.h; path = ViewController.h; sourceTree = "<group>"; };
		C289C4E61F724AAB00BB238B /* ViewController.m */ = {isa = PBXFileReference; lastKnownFileType = sourcecode.c.objc; path = ViewController.m; sourceTree = "<group>"; };
		C289C4E91F724AAB00BB238B /* Base */ = {isa = PBXFileReference; lastKnownFileType = file.storyboard; name = Base; path = Base.lproj/Main.storyboard; sourceTree = "<group>"; };
		C289C4EB1F724AAB00BB238B /* Assets.xcassets */ = {isa = PBXFileReference; lastKnownFileType = folder.assetcatalog; path = Assets.xcassets; sourceTree = "<group>"; };
		C289C4EE1F724AAB00BB238B /* Base */ = {isa = PBXFileReference; lastKnownFileType = file.storyboard; name = Base; path = Base.lproj/LaunchScreen.storyboard; sourceTree = "<group>"; };
		C289C4F01F724AAB00BB238B /* Info.plist */ = {isa = PBXFileReference; lastKnownFileType = text.plist.xml; path = Info.plist; sourceTree = "<group>"; };
		C289C4F51F724AAB00BB238B /* TestJenkinsTests.xctest */ = {isa = PBXFileReference; explicitFileType = wrapper.cfbundle; includeInIndex = 0; path = TestJenkinsTests.xctest; sourceTree = BUILT_PRODUCTS_DIR; };
		C289C4F91F724AAB00BB238B /* TestJenkinsTests.m */ = {isa = PBXFileReference; lastKnownFileType = sourcecode.c.objc; path = TestJenkinsTests.m; sourceTree = "<group>"; };
		C289C4FB1F724AAB00BB238B /* Info.plist */ = {isa = PBXFileReference; lastKnownFileType = text.plist.xml; path = Info.plist; sourceTree = "<group>"; };
		C289C5001F724AAB00BB238B /* TestJenkinsUITests.xctest */ = {isa = PBXFileReference; explicitFileType = wrapper.cfbundle; includeInIndex = 0; path = TestJenkinsUITests.xctest; sourceTree = BUILT_PRODUCTS_DIR; };
		C289C5041F724AAB00BB238B /* TestJenkinsUITests.m */ = {isa = PBXFileReference; lastKnownFileType = sourcecode.c.objc; path = TestJenkinsUITests.m; sourceTree = "<group>"; };
		C289C5061F724AAB00BB238B /* Info.plist */ = {isa = PBXFileReference; lastKnownFileType = text.plist.xml; path = Info.plist; sourceTree = "<group>"; };
		F13DAA6467FF55E291E8CF39 /* Pods-TestJenkins.release.xcconfig */ = {isa = PBXFileReference; includeInIndex = 1; lastKnownFileType = text.xcconfig; name = "Pods-TestJenkins.release.xcconfig"; path = "Pods/Target Support Files/Pods-TestJenkins/Pods-TestJenkins.release.xcconfig"; sourceTree = "<group>"; };
/* End PBXFileReference section */

/* Begin PBXFrameworksBuildPhase section */
		C289C4D91F724AAB00BB238B /* Frameworks */ = {
			isa = PBXFrameworksBuildPhase;
			buildActionMask = 2147483647;
			files = (
				72F77F5E0C36B5EE32BD6FA6 /* Pods_TestJenkins.framework in Frameworks */,
			);
			runOnlyForDeploymentPostprocessing = 0;
		};
		C289C4F21F724AAB00BB238B /* Frameworks */ = {
			isa = PBXFrameworksBuildPhase;
			buildActionMask = 2147483647;
			files = (
			);
			runOnlyForDeploymentPostprocessing = 0;
		};
		C289C4FD1F724AAB00BB238B /* Frameworks */ = {
			isa = PBXFrameworksBuildPhase;
			buildActionMask = 2147483647;
			files = (
			);
			runOnlyForDeploymentPostprocessing = 0;
		};
/* End PBXFrameworksBuildPhase section */

/* Begin PBXGroup section */
		5D1BEB0167C218034EDA6ABB /* Pods */ = {
			isa = PBXGroup;
			children = (
				16AD87A06A3B4549BA11349D /* Pods-TestJenkins.debug.xcconfig */,
				F13DAA6467FF55E291E8CF39 /* Pods-TestJenkins.release.xcconfig */,
			);
			name = Pods;
			sourceTree = "<group>";
		};
		C289C4D31F724AAB00BB238B = {
			isa = PBXGroup;
			children = (
				C289C4DE1F724AAB00BB238B /* TestJenkins */,
				C289C4F81F724AAB00BB238B /* TestJenkinsTests */,
				C289C5031F724AAB00BB238B /* TestJenkinsUITests */,
				C289C4DD1F724AAB00BB238B /* Products */,
				5D1BEB0167C218034EDA6ABB /* Pods */,
				F50093B21B79788BFF18C8F0 /* Frameworks */,
			);
			sourceTree = "<group>";
		};
		C289C4DD1F724AAB00BB238B /* Products */ = {
			isa = PBXGroup;
			children = (
				C289C4DC1F724AAB00BB238B /* TestJenkins.app */,
				C289C4F51F724AAB00BB238B /* TestJenkinsTests.xctest */,
				C289C5001F724AAB00BB238B /* TestJenkinsUITests.xctest */,
			);
			name = Products;
			sourceTree = "<group>";
		};
		C289C4DE1F724AAB00BB238B /* TestJenkins */ = {
			isa = PBXGroup;
			children = (
				C289C4E21F724AAB00BB238B /* AppDelegate.h */,
				C289C4E31F724AAB00BB238B /* AppDelegate.m */,
				C289C4E51F724AAB00BB238B /* ViewController.h */,
				C289C4E61F724AAB00BB238B /* ViewController.m */,
				C289C4E81F724AAB00BB238B /* Main.storyboard */,
				C289C4EB1F724AAB00BB238B /* Assets.xcassets */,
				C289C4ED1F724AAB00BB238B /* LaunchScreen.storyboard */,
				C289C4F01F724AAB00BB238B /* Info.plist */,
				C289C4DF1F724AAB00BB238B /* Supporting Files */,
			);
			path = TestJenkins;
			sourceTree = "<group>";
		};
		C289C4DF1F724AAB00BB238B /* Supporting Files */ = {
			isa = PBXGroup;
			children = (
				C289C4E01F724AAB00BB238B /* main.m */,
			);
			name = "Supporting Files";
			sourceTree = "<group>";
		};
		C289C4F81F724AAB00BB238B /* TestJenkinsTests */ = {
			isa = PBXGroup;
			children = (
				C289C4F91F724AAB00BB238B /* TestJenkinsTests.m */,
				C289C4FB1F724AAB00BB238B /* Info.plist */,
			);
			path = TestJenkinsTests;
			sourceTree = "<group>";
		};
		C289C5031F724AAB00BB238B /* TestJenkinsUITests */ = {
			isa = PBXGroup;
			children = (
				C289C5041F724AAB00BB238B /* TestJenkinsUITests.m */,
				C289C5061F724AAB00BB238B /* Info.plist */,
			);
			path = TestJenkinsUITests;
			sourceTree = "<group>";
		};
		F50093B21B79788BFF18C8F0 /* Frameworks */ = {
			isa = PBXGroup;
			children = (
				2116EE93CD3EE3D3B0CD141C /* Pods_TestJenkins.framework */,
			);
			name = Frameworks;
			sourceTree = "<group>";
		};
/* End PBXGroup section */

/* Begin PBXNativeTarget section */
		C289C4DB1F724AAB00BB238B /* TestJenkins */ = {
			isa = PBXNativeTarget;
			buildConfigurationList = C289C5091F724AAB00BB238B /* Build configuration list for PBXNativeTarget "TestJenkins" */;
			buildPhases = (
				C28E3F5E38089D6470090352 /* [CP] Check Pods Manifest.lock */,
				C289C4D81F724AAB00BB238B /* Sources */,
				C289C4D91F724AAB00BB238B /* Frameworks */,
				C289C4DA1F724AAB00BB238B /* Resources */,
				E599387B1A69811400E68751 /* [CP] Embed Pods Frameworks */,
				1DDB1C904B357B94A0C772D2 /* [CP] Copy Pods Resources */,
			);
			buildRules = (
			);
			dependencies = (
			);
			name = TestJenkins;
			productName = TestJenkins;
			productReference = C289C4DC1F724AAB00BB238B /* TestJenkins.app */;
			productType = "com.apple.product-type.application";
		};
		C289C4F41F724AAB00BB238B /* TestJenkinsTests */ = {
			isa = PBXNativeTarget;
			buildConfigurationList = C289C50C1F724AAB00BB238B /* Build configuration list for PBXNativeTarget "TestJenkinsTests" */;
			buildPhases = (
				C289C4F11F724AAB00BB238B /* Sources */,
				C289C4F21F724AAB00BB238B /* Frameworks */,
				C289C4F31F724AAB00BB238B /* Resources */,
			);
			buildRules = (
			);
			dependencies = (
				C289C4F71F724AAB00BB238B /* PBXTargetDependency */,
			);
			name = TestJenkinsTests;
			productName = TestJenkinsTests;
			productReference = C289C4F51F724AAB00BB238B /* TestJenkinsTests.xctest */;
			productType = "com.apple.product-type.bundle.unit-test";
		};
		C289C4FF1F724AAB00BB238B /* TestJenkinsUITests */ = {
			isa = PBXNativeTarget;
			buildConfigurationList = C289C50F1F724AAB00BB238B /* Build configuration list for PBXNativeTarget "TestJenkinsUITests" */;
			buildPhases = (
				C289C4FC1F724AAB00BB238B /* Sources */,
				C289C4FD1F724AAB00BB238B /* Frameworks */,
				C289C4FE1F724AAB00BB238B /* Resources */,
			);
			buildRules = (
			);
			dependencies = (
				C289C5021F724AAB00BB238B /* PBXTargetDependency */,
			);
			name = TestJenkinsUITests;
			productName = TestJenkinsUITests;
			productReference = C289C5001F724AAB00BB238B /* TestJenkinsUITests.xctest */;
			productType = "com.apple.product-type.bundle.ui-testing";
		};
/* End PBXNativeTarget section */

/* Begin PBXProject section */
		C289C4D41F724AAB00BB238B /* Project object */ = {
			isa = PBXProject;
			attributes = {
				LastUpgradeCheck = 0830;
				ORGANIZATIONNAME = zhangbenwei;
				TargetAttributes = {
					C289C4DB1F724AAB00BB238B = {
						CreatedOnToolsVersion = 8.3.3;
						DevelopmentTeam = P3MDCGZMK7;
						ProvisioningStyle = Automatic;
					};
					C289C4F41F724AAB00BB238B = {
						CreatedOnToolsVersion = 8.3.3;
						DevelopmentTeam = 8ZYCWJC35J;
						ProvisioningStyle = Automatic;
						TestTargetID = C289C4DB1F724AAB00BB238B;
					};
					C289C4FF1F724AAB00BB238B = {
						CreatedOnToolsVersion = 8.3.3;
						DevelopmentTeam = 8ZYCWJC35J;
						ProvisioningStyle = Automatic;
						TestTargetID = C289C4DB1F724AAB00BB238B;
					};
				};
			};
			buildConfigurationList = C289C4D71F724AAB00BB238B /* Build configuration list for PBXProject "TestJenkins" */;
			compatibilityVersion = "Xcode 3.2";
			developmentRegion = English;
			hasScannedForEncodings = 0;
			knownRegions = (
				en,
				Base,
			);
			mainGroup = C289C4D31F724AAB00BB238B;
			productRefGroup = C289C4DD1F724AAB00BB238B /* Products */;
			projectDirPath = "";
			projectRoot = "";
			targets = (
				C289C4DB1F724AAB00BB238B /* TestJenkins */,
				C289C4F41F724AAB00BB238B /* TestJenkinsTests */,
				C289C4FF1F724AAB00BB238B /* TestJenkinsUITests */,
			);
		};
/* End PBXProject section */

/* Begin PBXResourcesBuildPhase section */
		C289C4DA1F724AAB00BB238B /* Resources */ = {
			isa = PBXResourcesBuildPhase;
			buildActionMask = 2147483647;
			files = (
				C289C4EF1F724AAB00BB238B /* LaunchScreen.storyboard in Resources */,
				C289C4EC1F724AAB00BB238B /* Assets.xcassets in Resources */,
				C289C4EA1F724AAB00BB238B /* Main.storyboard in Resources */,
			);
			runOnlyForDeploymentPostprocessing = 0;
		};
		C289C4F31F724AAB00BB238B /* Resources */ = {
			isa = PBXResourcesBuildPhase;
			buildActionMask = 2147483647;
			files = (
			);
			runOnlyForDeploymentPostprocessing = 0;
		};
		C289C4FE1F724AAB00BB238B /* Resources */ = {
			isa = PBXResourcesBuildPhase;
			buildActionMask = 2147483647;
			files = (
			);
			runOnlyForDeploymentPostprocessing = 0;
		};
/* End PBXResourcesBuildPhase section */

/* Begin PBXShellScriptBuildPhase section */
		1DDB1C904B357B94A0C772D2 /* [CP] Copy Pods Resources */ = {
			isa = PBXShellScriptBuildPhase;
			buildActionMask = 2147483647;
			files = (
			);
			inputPaths = (
			);
			name = "[CP] Copy Pods Resources";
			outputPaths = (
			);
			runOnlyForDeploymentPostprocessing = 0;
			shellPath = /bin/sh;
			shellScript = "\"${SRCROOT}/Pods/Target Support Files/Pods-TestJenkins/Pods-TestJenkins-resources.sh\"\n";
			showEnvVarsInLog = 0;
		};
		C28E3F5E38089D6470090352 /* [CP] Check Pods Manifest.lock */ = {
			isa = PBXShellScriptBuildPhase;
			buildActionMask = 2147483647;
			files = (
			);
			inputPaths = (
			);
			name = "[CP] Check Pods Manifest.lock";
			outputPaths = (
			);
			runOnlyForDeploymentPostprocessing = 0;
			shellPath = /bin/sh;
			shellScript = "diff \"${PODS_PODFILE_DIR_PATH}/Podfile.lock\" \"${PODS_ROOT}/Manifest.lock\" > /dev/null\nif [ $? != 0 ] ; then\n    # print error to STDERR\n    echo \"error: The sandbox is not in sync with the Podfile.lock. Run 'pod install' or update your CocoaPods installation.\" >&2\n    exit 1\nfi\n";
			showEnvVarsInLog = 0;
		};
		E599387B1A69811400E68751 /* [CP] Embed Pods Frameworks */ = {
			isa = PBXShellScriptBuildPhase;
			buildActionMask = 2147483647;
			files = (
			);
			inputPaths = (
			);
			name = "[CP] Embed Pods Frameworks";
			outputPaths = (
			);
			runOnlyForDeploymentPostprocessing = 0;
			shellPath = /bin/sh;
			shellScript = "\"${SRCROOT}/Pods/Target Support Files/Pods-TestJenkins/Pods-TestJenkins-frameworks.sh\"\n";
			showEnvVarsInLog = 0;
		};
/* End PBXShellScriptBuildPhase section */

/* Begin PBXSourcesBuildPhase section */
		C289C4D81F724AAB00BB238B /* Sources */ = {
			isa = PBXSourcesBuildPhase;
			buildActionMask = 2147483647;
			files = (
				C289C4E71F724AAB00BB238B /* ViewController.m in Sources */,
				C289C4E41F724AAB00BB238B /* AppDelegate.m in Sources */,
				C289C4E11F724AAB00BB238B /* main.m in Sources */,
			);
			runOnlyForDeploymentPostprocessing = 0;
		};
		C289C4F11F724AAB00BB238B /* Sources */ = {
			isa = PBXSourcesBuildPhase;
			buildActionMask = 2147483647;
			files = (
				C289C4FA1F724AAB00BB238B /* TestJenkinsTests.m in Sources */,
			);
			runOnlyForDeploymentPostprocessing = 0;
		};
		C289C4FC1F724AAB00BB238B /* Sources */ = {
			isa = PBXSourcesBuildPhase;
			buildActionMask = 2147483647;
			files = (
				C289C5051F724AAB00BB238B /* TestJenkinsUITests.m in Sources */,
			);
			runOnlyForDeploymentPostprocessing = 0;
		};
/* End PBXSourcesBuildPhase section */

/* Begin PBXTargetDependency section */
		C289C4F71F724AAB00BB238B /* PBXTargetDependency */ = {
			isa = PBXTargetDependency;
			target = C289C4DB1F724AAB00BB238B /* TestJenkins */;
			targetProxy = C289C4F61F724AAB00BB238B /* PBXContainerItemProxy */;
		};
		C289C5021F724AAB00BB238B /* PBXTargetDependency */ = {
			isa = PBXTargetDependency;
			target = C289C4DB1F724AAB00BB238B /* TestJenkins */;
			targetProxy = C289C5011F724AAB00BB238B /* PBXContainerItemProxy */;
		};
/* End PBXTargetDependency section */

/* Begin PBXVariantGroup section */
		C289C4E81F724AAB00BB238B /* Main.storyboard */ = {
			isa = PBXVariantGroup;
			children = (
				C289C4E91F724AAB00BB238B /* Base */,
			);
			name = Main.storyboard;
			sourceTree = "<group>";
		};
		C289C4ED1F724AAB00BB238B /* LaunchScreen.storyboard */ = {
			isa = PBXVariantGroup;
			children = (
				C289C4EE1F724AAB00BB238B /* Base */,
			);
			name = LaunchScreen.storyboard;
			sourceTree = "<group>";
		};
/* End PBXVariantGroup section */

/* Begin XCBuildConfiguration section */
		C289C5071F724AAB00BB238B /* Debug */ = {
			isa = XCBuildConfiguration;
			buildSettings = {
				ALWAYS_SEARCH_USER_PATHS = NO;
				CLANG_ANALYZER_NONNULL = YES;
				CLANG_ANALYZER_NUMBER_OBJECT_CONVERSION = YES_AGGRESSIVE;
				CLANG_CXX_LANGUAGE_STANDARD = "gnu++0x";
				CLANG_CXX_LIBRARY = "libc++";
				CLANG_ENABLE_MODULES = YES;
				CLANG_ENABLE_OBJC_ARC = YES;
				CLANG_WARN_BOOL_CONVERSION = YES;
				CLANG_WARN_CONSTANT_CONVERSION = YES;
				CLANG_WARN_DIRECT_OBJC_ISA_USAGE = YES_ERROR;
				CLANG_WARN_DOCUMENTATION_COMMENTS = YES;
				CLANG_WARN_EMPTY_BODY = YES;
				CLANG_WARN_ENUM_CONVERSION = YES;
				CLANG_WARN_INFINITE_RECURSION = YES;
				CLANG_WARN_INT_CONVERSION = YES;
				CLANG_WARN_OBJC_ROOT_CLASS = YES_ERROR;
				CLANG_WARN_SUSPICIOUS_MOVE = YES;
				CLANG_WARN_UNREACHABLE_CODE = YES;
				CLANG_WARN__DUPLICATE_METHOD_MATCH = YES;
				"CODE_SIGN_IDENTITY[sdk=iphoneos*]" = "iPhone Developer";
				COPY_PHASE_STRIP = NO;
				DEBUG_INFORMATION_FORMAT = dwarf;
				ENABLE_STRICT_OBJC_MSGSEND = YES;
				ENABLE_TESTABILITY = YES;
				GCC_C_LANGUAGE_STANDARD = gnu99;
				GCC_DYNAMIC_NO_PIC = NO;
				GCC_NO_COMMON_BLOCKS = YES;
				GCC_OPTIMIZATION_LEVEL = 0;
				GCC_PREPROCESSOR_DEFINITIONS = (
					"DEBUG=1",
					"$(inherited)",
				);
				GCC_WARN_64_TO_32_BIT_CONVERSION = YES;
				GCC_WARN_ABOUT_RETURN_TYPE = YES_ERROR;
				GCC_WARN_UNDECLARED_SELECTOR = YES;
				GCC_WARN_UNINITIALIZED_AUTOS = YES_AGGRESSIVE;
				GCC_WARN_UNUSED_FUNCTION = YES;
				GCC_WARN_UNUSED_VARIABLE = YES;
				IPHONEOS_DEPLOYMENT_TARGET = 10.3;
				MTL_ENABLE_DEBUG_INFO = YES;
				ONLY_ACTIVE_ARCH = YES;
				SDKROOT = iphoneos;
			};
			name = Debug;
		};
		C289C5081F724AAB00BB238B /* Release */ = {
			isa = XCBuildConfiguration;
			buildSettings = {
				ALWAYS_SEARCH_USER_PATHS = NO;
				CLANG_ANALYZER_NONNULL = YES;
				CLANG_ANALYZER_NUMBER_OBJECT_CONVERSION = YES_AGGRESSIVE;
				CLANG_CXX_LANGUAGE_STANDARD = "gnu++0x";
				CLANG_CXX_LIBRARY = "libc++";
				CLANG_ENABLE_MODULES = YES;
				CLANG_ENABLE_OBJC_ARC = YES;
				CLANG_WARN_BOOL_CONVERSION = YES;
				CLANG_WARN_CONSTANT_CONVERSION = YES;
				CLANG_WARN_DIRECT_OBJC_ISA_USAGE = YES_ERROR;
				CLANG_WARN_DOCUMENTATION_COMMENTS = YES;
				CLANG_WARN_EMPTY_BODY = YES;
				CLANG_WARN_ENUM_CONVERSION = YES;
				CLANG_WARN_INFINITE_RECURSION = YES;
				CLANG_WARN_INT_CONVERSION = YES;
				CLANG_WARN_OBJC_ROOT_CLASS = YES_ERROR;
				CLANG_WARN_SUSPICIOUS_MOVE = YES;
				CLANG_WARN_UNREACHABLE_CODE = YES;
				CLANG_WARN__DUPLICATE_METHOD_MATCH = YES;
				"CODE_SIGN_IDENTITY[sdk=iphoneos*]" = "iPhone Developer";
				COPY_PHASE_STRIP = NO;
				DEBUG_INFORMATION_FORMAT = "dwarf-with-dsym";
				ENABLE_NS_ASSERTIONS = NO;
				ENABLE_STRICT_OBJC_MSGSEND = YES;
				GCC_C_LANGUAGE_STANDARD = gnu99;
				GCC_NO_COMMON_BLOCKS = YES;
				GCC_WARN_64_TO_32_BIT_CONVERSION = YES;
				GCC_WARN_ABOUT_RETURN_TYPE = YES_ERROR;
				GCC_WARN_UNDECLARED_SELECTOR = YES;
				GCC_WARN_UNINITIALIZED_AUTOS = YES_AGGRESSIVE;
				GCC_WARN_UNUSED_FUNCTION = YES;
				GCC_WARN_UNUSED_VARIABLE = YES;
				IPHONEOS_DEPLOYMENT_TARGET = 10.3;
				MTL_ENABLE_DEBUG_INFO = NO;
				SDKROOT = iphoneos;
				VALIDATE_PRODUCT = YES;
			};
			name = Release;
		};
		C289C50A1F724AAB00BB238B /* Debug */ = {
			isa = XCBuildConfiguration;
			baseConfigurationReference = 16AD87A06A3B4549BA11349D /* Pods-TestJenkins.debug.xcconfig */;
			buildSettings = {
				ASSETCATALOG_COMPILER_APPICON_NAME = AppIcon;
				DEVELOPMENT_TEAM = P3MDCGZMK7;
				INFOPLIST_FILE = TestJenkins/Info.plist;
				IPHONEOS_DEPLOYMENT_TARGET = 8;
				LD_RUNPATH_SEARCH_PATHS = "$(inherited) @executable_path/Frameworks";
				PRODUCT_BUNDLE_IDENTIFIER = com.hisun.tt.KuuGa;
				PRODUCT_NAME = "$(TARGET_NAME)";
			};
			name = Debug;
		};
		C289C50B1F724AAB00BB238B /* Release */ = {
			isa = XCBuildConfiguration;
			baseConfigurationReference = F13DAA6467FF55E291E8CF39 /* Pods-TestJenkins.release.xcconfig */;
			buildSettings = {
				ASSETCATALOG_COMPILER_APPICON_NAME = AppIcon;
				DEVELOPMENT_TEAM = P3MDCGZMK7;
				INFOPLIST_FILE = TestJenkins/Info.plist;
				IPHONEOS_DEPLOYMENT_TARGET = 8;
				LD_RUNPATH_SEARCH_PATHS = "$(inherited) @executable_path/Frameworks";
				PRODUCT_BUNDLE_IDENTIFIER = com.hisun.tt.KuuGa;
				PRODUCT_NAME = "$(TARGET_NAME)";
			};
			name = Release;
		};
		C289C50D1F724AAB00BB238B /* Debug */ = {
			isa = XCBuildConfiguration;
			buildSettings = {
				BUNDLE_LOADER = "$(TEST_HOST)";
				DEVELOPMENT_TEAM = 8ZYCWJC35J;
				INFOPLIST_FILE = TestJenkinsTests/Info.plist;
				LD_RUNPATH_SEARCH_PATHS = "$(inherited) @executable_path/Frameworks @loader_path/Frameworks";
				PRODUCT_BUNDLE_IDENTIFIER = com..TestJenkinsTests;
				PRODUCT_NAME = "$(TARGET_NAME)";
				TEST_HOST = "$(BUILT_PRODUCTS_DIR)/TestJenkins.app/TestJenkins";
			};
			name = Debug;
		};
		C289C50E1F724AAB00BB238B /* Release */ = {
			isa = XCBuildConfiguration;
			buildSettings = {
				BUNDLE_LOADER = "$(TEST_HOST)";
				DEVELOPMENT_TEAM = 8ZYCWJC35J;
				INFOPLIST_FILE = TestJenkinsTests/Info.plist;
				LD_RUNPATH_SEARCH_PATHS = "$(inherited) @executable_path/Frameworks @loader_path/Frameworks";
				PRODUCT_BUNDLE_IDENTIFIER = com..TestJenkinsTests;
				PRODUCT_NAME = "$(TARGET_NAME)";
				TEST_HOST = "$(BUILT_PRODUCTS_DIR)/TestJenkins.app/TestJenkins";
			};
			name = Release;
		};
		C289C5101F724AAB00BB238B /* Debug */ = {
			isa = XCBuildConfiguration;
			buildSettings = {
				DEVELOPMENT_TEAM = 8ZYCWJC35J;
				INFOPLIST_FILE = TestJenkinsUITests/Info.plist;
				LD_RUNPATH_SEARCH_PATHS = "$(inherited) @executable_path/Frameworks @loader_path/Frameworks";
				PRODUCT_BUNDLE_IDENTIFIER = com..TestJenkinsUITests;
				PRODUCT_NAME = "$(TARGET_NAME)";
				TEST_TARGET_NAME = TestJenkins;
			};
			name = Debug;
		};
		C289C5111F724AAB00BB238B /* Release */ = {
			isa = XCBuildConfiguration;
			buildSettings = {
				DEVELOPMENT_TEAM = 8ZYCWJC35J;
				INFOPLIST_FILE = TestJenkinsUITests/Info.plist;
				LD_RUNPATH_SEARCH_PATHS = "$(inherited) @executable_path/Frameworks @loader_path/Frameworks";
				PRODUCT_BUNDLE_IDENTIFIER = com..TestJenkinsUITests;
				PRODUCT_NAME = "$(TARGET_NAME)";
				TEST_TARGET_NAME = TestJenkins;
			};
			name = Release;
		};
/* End XCBuildConfiguration section */

/* Begin XCConfigurationList section */
		C289C4D71F724AAB00BB238B /* Build configuration list for PBXProject "TestJenkins" */ = {
			isa = XCConfigurationList;
			buildConfigurations = (
				C289C5071F724AAB00BB238B /* Debug */,
				C289C5081F724AAB00BB238B /* Release */,
			);
			defaultConfigurationIsVisible = 0;
			defaultConfigurationName = Release;
		};
		C289C5091F724AAB00BB238B /* Build configuration list for PBXNativeTarget "TestJenkins" */ = {
			isa = XCConfigurationList;
			buildConfigurations = (
				C289C50A1F724AAB00BB238B /* Debug */,
				C289C50B1F724AAB00BB238B /* Release */,
			);
			defaultConfigurationIsVisible = 0;
			defaultConfigurationName = Release;
		};
		C289C50C1F724AAB00BB238B /* Build configuration list for PBXNativeTarget "TestJenkinsTests" */ = {
			isa = XCConfigurationList;
			buildConfigurations = (
				C289C50D1F724AAB00BB238B /* Debug */,
				C289C50E1F724AAB00BB238B /* Release */,
			);
			defaultConfigurationIsVisible = 0;
			defaultConfigurationName = Release;
		};
		C289C50F1F724AAB00BB238B /* Build configuration list for PBXNativeTarget "TestJenkinsUITests" */ = {
			isa = XCConfigurationList;
			buildConfigurations = (
				C289C5101F724AAB00BB238B /* Debug */,
				C289C5111F724AAB00BB238B /* Release */,
			);
			defaultConfigurationIsVisible = 0;
			defaultConfigurationName = Release;
		};
/* End XCConfigurationList section */
	};
	rootObject = C289C4D41F724AAB00BB238B /* Project object */;
}
